{
  "name": "@aictrl/opencode",
  "version": "1.1.0-beta.1",
  "lockfileVersion": 3,
  "requires": true,
  "packages": {
    "": {
      "name": "@aictrl/opencode",
      "version": "1.1.0-beta.1",
      "license": "MIT",
      "bin": {
        "aictrl-opencode": "opencode/bin/install.js"
      },
      "engines": {
        "node": ">=18.0.0"
      }
    }
  }
}
